{
  "pins" : [
    {
      "identity" : "kingfisher",
      "kind" : "remoteSourceControl",
      "location" : "https://github.com/onevcat/Kingfisher.git",
      "state" : {
        "revision" : "277f1ab2c6664b19b4a412e32b094b201e2d5757",
        "version" : "7.10.0"
      }
    },
    {
      "identity" : "newssnack-ios-build",
      "kind" : "remoteSourceControl",
      "location" : "git@github.com:digiteka/newssnack-ios-build.git",
      "state" : {
        "branch" : "main",
        "revision" : "c606c16d791d56b6513d35076a10551405b83801"
      }
    }
  ],
  "version" : 2
}
