{
  "pins" : [
    {
      "identity" : "newssnack-ios-build",
      "kind" : "remoteSourceControl",
      "location" : "https://github.com/digiteka/newssnack-ios-build.git",
      "state" : {
        "revision" : "896752646bd7cf1f5b93cfa584aa15755fefbaef",
        "version" : "1.1.4"
      }
    }
  ],
  "version" : 2
}
